{
  "version": 4,
  "terraform_version": "1.13.5",
  "serial": 18,
  "lineage": "19e7a113-a209-fd43-5b99-d6a3313cfba1",
  "outputs": {
    "vm_name": {
      "value": "yt-llm-k3s",
      "type": "string"
    }
  },
  "resources": [
    {
      "mode": "managed",
      "type": "google_compute_firewall",
      "name": "allow_web_ssh",
      "provider": "provider[\"registry.terraform.io/hashicorp/google\"]",
      "instances": [
        {
          "schema_version": 1,
          "attributes": {
            "allow": [
              {
                "ports": [
                  "22",
                  "80",
                  "443",
                  "30080"
                ],
                "protocol": "tcp"
              }
            ],
            "creation_timestamp": "2025-11-16T14:46:38.231-08:00",
            "deny": [],
            "description": "Allow SSH, HTTP, HTTPS, and NodePort 30080 to yt-llm-k3s",
            "destination_ranges": [],
            "direction": "INGRESS",
            "disabled": false,
            "enable_logging": null,
            "id": "projects/splendid-window-478312-m6/global/firewalls/yt-llm-k3s-allow-web-ssh",
            "log_config": [],
            "name": "yt-llm-k3s-allow-web-ssh",
            "network": "https://www.googleapis.com/compute/v1/projects/splendid-window-478312-m6/global/networks/default",
            "priority": 1000,
            "project": "splendid-window-478312-m6",
            "self_link": "https://www.googleapis.com/compute/v1/projects/splendid-window-478312-m6/global/firewalls/yt-llm-k3s-allow-web-ssh",
            "source_ranges": [
              "0.0.0.0/0"
            ],
            "source_service_accounts": null,
            "source_tags": null,
            "target_service_accounts": null,
            "target_tags": [
              "yt-llm-k3s-tag"
            ],
            "timeouts": null
          },
          "sensitive_attributes": [],
          "identity_schema_version": 0,
          "private": "eyJlMmJmYjczMC1lY2FhLTExZTYtOGY4OC0zNDM2M2JjN2M0YzAiOnsiY3JlYXRlIjoxMjAwMDAwMDAwMDAwLCJkZWxldGUiOjEyMDAwMDAwMDAwMDAsInVwZGF0ZSI6MTIwMDAwMDAwMDAwMH0sInNjaGVtYV92ZXJzaW9uIjoiMSJ9"
        }
      ]
    }
  ],
  "check_results": null
}
